
Microsoft Visual Studio Solution File, Format Version 12.00
# Visual Studio Version 17
VisualStudioVersion = 17.0.32126.317
MinimumVisualStudioVersion = 10.0.40219.1
Project("{FAE04EC0-301F-11D3-BF4B-00C04F79EFBC}") = "Robotterne Kommer", "Robotterne Kommer\Robotterne Kommer.csproj", "{0133D9DA-75D6-442C-AF00-62D3322BAD3B}"
EndProject
Global
	GlobalSection(SolutionConfigurationPlatforms) = preSolution
		Debug|Any CPU = Debug|Any CPU
		Release|Any CPU = Release|Any CPU
	EndGlobalSection
	GlobalSection(ProjectConfigurationPlatforms) = postSolution
		{0133D9DA-75D6-442C-AF00-62D3322BAD3B}.Debug|Any CPU.ActiveCfg = Debug|Any CPU
		{0133D9DA-75D6-442C-AF00-62D3322BAD3B}.Debug|Any CPU.Build.0 = Debug|Any CPU
		{0133D9DA-75D6-442C-AF00-62D3322BAD3B}.Release|Any CPU.ActiveCfg = Release|Any CPU
		{0133D9DA-75D6-442C-AF00-62D3322BAD3B}.Release|Any CPU.Build.0 = Release|Any CPU
	EndGlobalSection
	GlobalSection(SolutionProperties) = preSolution
		HideSolutionNode = FALSE
	EndGlobalSection
	GlobalSection(ExtensibilityGlobals) = postSolution
		SolutionGuid = {18DCE2E4-6B6B-4045-8E30-AA4534F8C100}
	EndGlobalSection
EndGlobal
